
Microsoft Visual Studio Solution File, Format Version 12.00
# Visual Studio Version 16
VisualStudioVersion = 16.0.29123.88
MinimumVisualStudioVersion = 10.0.40219.1
Project("{FAE04EC0-301F-11D3-BF4B-00C04F79EFBC}") = "SimpleMotionDetection", "SimpleMotionDetection.csproj", "{0951FEFD-3389-426D-BA09-28907A8B5523}"
EndProject
Global
	GlobalSection(SolutionConfigurationPlatforms) = preSolution
		Debug|Any CPU = Debug|Any CPU
		Release|Any CPU = Release|Any CPU
	EndGlobalSection
	GlobalSection(ProjectConfigurationPlatforms) = postSolution
		{0951FEFD-3389-426D-BA09-28907A8B5523}.Debug|Any CPU.ActiveCfg = Debug|Any CPU
		{0951FEFD-3389-426D-BA09-28907A8B5523}.Debug|Any CPU.Build.0 = Debug|Any CPU
		{0951FEFD-3389-426D-BA09-28907A8B5523}.Release|Any CPU.ActiveCfg = Release|Any CPU
		{0951FEFD-3389-426D-BA09-28907A8B5523}.Release|Any CPU.Build.0 = Release|Any CPU
	EndGlobalSection
	GlobalSection(SolutionProperties) = preSolution
		HideSolutionNode = FALSE
	EndGlobalSection
	GlobalSection(ExtensibilityGlobals) = postSolution
		SolutionGuid = {445D267A-991B-4B59-99E5-00A1DB554082}
	EndGlobalSection
EndGlobal
